
Microsoft Visual Studio Solution File, Format Version 12.00
# Visual Studio 15
VisualStudioVersion = 15.0.28010.0
MinimumVisualStudioVersion = 10.0.40219.1
Project("{9A19103F-16F7-4668-BE54-9A1E7A4F7556}") = "ExchMatchingEngineCore", "ExchMatchingEngineCore\ExchMatchingEngineCore.csproj", "{36CF9F74-FC05-4B88-8631-9CE1F9136957}"
EndProject
Global
	GlobalSection(SolutionConfigurationPlatforms) = preSolution
		Debug|Any CPU = Debug|Any CPU
		Debug|x64 = Debug|x64
		Release|Any CPU = Release|Any CPU
		Release|x64 = Release|x64
	EndGlobalSection
	GlobalSection(ProjectConfigurationPlatforms) = postSolution
		{36CF9F74-FC05-4B88-8631-9CE1F9136957}.Debug|Any CPU.ActiveCfg = Debug|Any CPU
		{36CF9F74-FC05-4B88-8631-9CE1F9136957}.Debug|Any CPU.Build.0 = Debug|Any CPU
		{36CF9F74-FC05-4B88-8631-9CE1F9136957}.Debug|x64.ActiveCfg = Debug|Any CPU
		{36CF9F74-FC05-4B88-8631-9CE1F9136957}.Debug|x64.Build.0 = Debug|Any CPU
		{36CF9F74-FC05-4B88-8631-9CE1F9136957}.Release|Any CPU.ActiveCfg = Release|Any CPU
		{36CF9F74-FC05-4B88-8631-9CE1F9136957}.Release|Any CPU.Build.0 = Release|Any CPU
		{36CF9F74-FC05-4B88-8631-9CE1F9136957}.Release|x64.ActiveCfg = Release|Any CPU
		{36CF9F74-FC05-4B88-8631-9CE1F9136957}.Release|x64.Build.0 = Release|Any CPU
	EndGlobalSection
	GlobalSection(SolutionProperties) = preSolution
		HideSolutionNode = FALSE
	EndGlobalSection
	GlobalSection(ExtensibilityGlobals) = postSolution
		SolutionGuid = {8FA3E200-5A46-4A06-885C-1CC0CF4335C0}
	EndGlobalSection
EndGlobal
